
Microsoft Visual Studio Solution File, Format Version 12.00
# Visual Studio Version 17
VisualStudioVersion = 17.5.33516.290
MinimumVisualStudioVersion = 10.0.40219.1
Project("{FAE04EC0-301F-11D3-BF4B-00C04F79EFBC}") = "Web", "Web\Web.csproj", "{D0C56100-6AE5-4086-B7AB-19BCAA0F84F9}"
EndProject
Global
	GlobalSection(SolutionConfigurationPlatforms) = preSolution
		Debug|Any CPU = Debug|Any CPU
		Release|Any CPU = Release|Any CPU
	EndGlobalSection
	GlobalSection(ProjectConfigurationPlatforms) = postSolution
		{D0C56100-6AE5-4086-B7AB-19BCAA0F84F9}.Debug|Any CPU.ActiveCfg = Debug|Any CPU
		{D0C56100-6AE5-4086-B7AB-19BCAA0F84F9}.Debug|Any CPU.Build.0 = Debug|Any CPU
		{D0C56100-6AE5-4086-B7AB-19BCAA0F84F9}.Release|Any CPU.ActiveCfg = Release|Any CPU
		{D0C56100-6AE5-4086-B7AB-19BCAA0F84F9}.Release|Any CPU.Build.0 = Release|Any CPU
	EndGlobalSection
	GlobalSection(SolutionProperties) = preSolution
		HideSolutionNode = FALSE
	EndGlobalSection
	GlobalSection(ExtensibilityGlobals) = postSolution
		SolutionGuid = {3DF02091-F084-4DC3-B628-3205F70BB81E}
	EndGlobalSection
EndGlobal
